
Microsoft Visual Studio Solution File, Format Version 12.00
# Visual Studio Version 17
VisualStudioVersion = 17.0.31919.166
MinimumVisualStudioVersion = 10.0.40219.1
Project("{9A19103F-16F7-4668-BE54-9A1E7A4F7556}") = "Dependo", "Dependo\Dependo.csproj", "{FF0ABAD8-6E2D-42F3-91E1-A730DCF7CB07}"
EndProject
Project("{9A19103F-16F7-4668-BE54-9A1E7A4F7556}") = "Dependo.Autofac", "Dependo.Autofac\Dependo.Autofac.csproj", "{D7E7DFD3-0458-4E23-94A8-E01736960CD7}"
EndProject
Project("{9A19103F-16F7-4668-BE54-9A1E7A4F7556}") = "Dependo.Demo", "Dependo.Demo\Dependo.Demo.csproj", "{D59072AA-72D5-4B23-9271-C6578D1D27AD}"
EndProject
Project("{FAE04EC0-301F-11D3-BF4B-00C04F79EFBC}") = "Dependo.Lamar", "Dependo.Lamar\Dependo.Lamar.csproj", "{0C410755-54EA-7409-C854-6A6A27DCCA1B}"
EndProject
Project("{FAE04EC0-301F-11D3-BF4B-00C04F79EFBC}") = "Dependo.Tests", "Dependo.Tests\Dependo.Tests.csproj", "{BBE5F606-E09C-4C42-8DE8-D73D38DD8179}"
EndProject
Project("{FAE04EC0-301F-11D3-BF4B-00C04F79EFBC}") = "Dependo.DryIoc", "Dependo.DryIoc\Dependo.DryIoc.csproj", "{EFA5372C-D2C2-4136-9413-4F15F2EB9580}"
EndProject
Project("{FAE04EC0-301F-11D3-BF4B-00C04F79EFBC}") = "Dependo.LightInject", "Dependo.LightInject\Dependo.LightInject.csproj", "{1757B9DE-643A-4C78-8DB7-19FBC82408A6}"
EndProject
Project("{FAE04EC0-301F-11D3-BF4B-00C04F79EFBC}") = "Dependo.DotNetDefault", "Dependo.DotNetDefault\Dependo.DotNetDefault.csproj", "{3354E72B-66F7-48BF-A66B-303A0ECD81D8}"
EndProject
Global
	GlobalSection(SolutionConfigurationPlatforms) = preSolution
		Debug|Any CPU = Debug|Any CPU
		Release|Any CPU = Release|Any CPU
	EndGlobalSection
	GlobalSection(ProjectConfigurationPlatforms) = postSolution
		{FF0ABAD8-6E2D-42F3-91E1-A730DCF7CB07}.Debug|Any CPU.ActiveCfg = Debug|Any CPU
		{FF0ABAD8-6E2D-42F3-91E1-A730DCF7CB07}.Debug|Any CPU.Build.0 = Debug|Any CPU
		{FF0ABAD8-6E2D-42F3-91E1-A730DCF7CB07}.Release|Any CPU.ActiveCfg = Release|Any CPU
		{FF0ABAD8-6E2D-42F3-91E1-A730DCF7CB07}.Release|Any CPU.Build.0 = Release|Any CPU
		{D7E7DFD3-0458-4E23-94A8-E01736960CD7}.Debug|Any CPU.ActiveCfg = Debug|Any CPU
		{D7E7DFD3-0458-4E23-94A8-E01736960CD7}.Debug|Any CPU.Build.0 = Debug|Any CPU
		{D7E7DFD3-0458-4E23-94A8-E01736960CD7}.Release|Any CPU.ActiveCfg = Release|Any CPU
		{D7E7DFD3-0458-4E23-94A8-E01736960CD7}.Release|Any CPU.Build.0 = Release|Any CPU
		{D59072AA-72D5-4B23-9271-C6578D1D27AD}.Debug|Any CPU.ActiveCfg = Debug|Any CPU
		{D59072AA-72D5-4B23-9271-C6578D1D27AD}.Debug|Any CPU.Build.0 = Debug|Any CPU
		{D59072AA-72D5-4B23-9271-C6578D1D27AD}.Release|Any CPU.ActiveCfg = Release|Any CPU
		{D59072AA-72D5-4B23-9271-C6578D1D27AD}.Release|Any CPU.Build.0 = Release|Any CPU
		{0C410755-54EA-7409-C854-6A6A27DCCA1B}.Debug|Any CPU.ActiveCfg = Debug|Any CPU
		{0C410755-54EA-7409-C854-6A6A27DCCA1B}.Debug|Any CPU.Build.0 = Debug|Any CPU
		{0C410755-54EA-7409-C854-6A6A27DCCA1B}.Release|Any CPU.ActiveCfg = Release|Any CPU
		{0C410755-54EA-7409-C854-6A6A27DCCA1B}.Release|Any CPU.Build.0 = Release|Any CPU
		{BBE5F606-E09C-4C42-8DE8-D73D38DD8179}.Debug|Any CPU.ActiveCfg = Debug|Any CPU
		{BBE5F606-E09C-4C42-8DE8-D73D38DD8179}.Debug|Any CPU.Build.0 = Debug|Any CPU
		{BBE5F606-E09C-4C42-8DE8-D73D38DD8179}.Release|Any CPU.ActiveCfg = Release|Any CPU
		{BBE5F606-E09C-4C42-8DE8-D73D38DD8179}.Release|Any CPU.Build.0 = Release|Any CPU
		{EFA5372C-D2C2-4136-9413-4F15F2EB9580}.Debug|Any CPU.ActiveCfg = Debug|Any CPU
		{EFA5372C-D2C2-4136-9413-4F15F2EB9580}.Debug|Any CPU.Build.0 = Debug|Any CPU
		{EFA5372C-D2C2-4136-9413-4F15F2EB9580}.Release|Any CPU.ActiveCfg = Release|Any CPU
		{EFA5372C-D2C2-4136-9413-4F15F2EB9580}.Release|Any CPU.Build.0 = Release|Any CPU
		{1757B9DE-643A-4C78-8DB7-19FBC82408A6}.Debug|Any CPU.ActiveCfg = Debug|Any CPU
		{1757B9DE-643A-4C78-8DB7-19FBC82408A6}.Debug|Any CPU.Build.0 = Debug|Any CPU
		{1757B9DE-643A-4C78-8DB7-19FBC82408A6}.Release|Any CPU.ActiveCfg = Release|Any CPU
		{1757B9DE-643A-4C78-8DB7-19FBC82408A6}.Release|Any CPU.Build.0 = Release|Any CPU
		{3354E72B-66F7-48BF-A66B-303A0ECD81D8}.Debug|Any CPU.ActiveCfg = Debug|Any CPU
		{3354E72B-66F7-48BF-A66B-303A0ECD81D8}.Debug|Any CPU.Build.0 = Debug|Any CPU
		{3354E72B-66F7-48BF-A66B-303A0ECD81D8}.Release|Any CPU.ActiveCfg = Release|Any CPU
		{3354E72B-66F7-48BF-A66B-303A0ECD81D8}.Release|Any CPU.Build.0 = Release|Any CPU
	EndGlobalSection
	GlobalSection(SolutionProperties) = preSolution
		HideSolutionNode = FALSE
	EndGlobalSection
	GlobalSection(ExtensibilityGlobals) = postSolution
		SolutionGuid = {B9C11B84-1276-4A20-8B6B-5B852BCD4E3D}
	EndGlobalSection
EndGlobal
